// !$*UTF8*$!
{
	archiveVersion = 1;
	classes = {
	};
	objectVersion = 50;
	objects = {

/* Begin PBXBuildFile section */
		BA0CC40E229C602000767DDD /* NewBaseViewController.swift in Sources */ = {isa = PBXBuildFile; fileRef = BA0CC40D229C602000767DDD /* NewBaseViewController.swift */; };
		BA0CC410229C639900767DDD /* HomeView.swift in Sources */ = {isa = PBXBuildFile; fileRef = BA0CC40F229C639900767DDD /* HomeView.swift */; };
		BA1AEA2B2297164C00E30BF1 /* AppDelegate.swift in Sources */ = {isa = PBXBuildFile; fileRef = BA1AEA2A2297164C00E30BF1 /* AppDelegate.swift */; };
		BA1AEA302297164C00E30BF1 /* Main.storyboard in Resources */ = {isa = PBXBuildFile; fileRef = BA1AEA2E2297164C00E30BF1 /* Main.storyboard */; };
		BA1AEA322297164E00E30BF1 /* Assets.xcassets in Resources */ = {isa = PBXBuildFile; fileRef = BA1AEA312297164E00E30BF1 /* Assets.xcassets */; };
		BA1AEA352297164E00E30BF1 /* LaunchScreen.storyboard in Resources */ = {isa = PBXBuildFile; fileRef = BA1AEA332297164E00E30BF1 /* LaunchScreen.storyboard */; };
		BA1AEA3D22972DFB00E30BF1 /* HomeView.xib in Resources */ = {isa = PBXBuildFile; fileRef = BA1AEA3C22972DFB00E30BF1 /* HomeView.xib */; };
		BA1AEA3F2298651C00E30BF1 /* LastBears.xib in Resources */ = {isa = PBXBuildFile; fileRef = BA1AEA3E2298651C00E30BF1 /* LastBears.xib */; };
		BA1AEA4122986D8B00E30BF1 /* LastBearsViewController.swift in Sources */ = {isa = PBXBuildFile; fileRef = BA1AEA4022986D8B00E30BF1 /* LastBearsViewController.swift */; };
		BA1AEA4322989C4100E30BF1 /* HomeViewRouter.swift in Sources */ = {isa = PBXBuildFile; fileRef = BA1AEA4222989C4100E30BF1 /* HomeViewRouter.swift */; };
		BA1AEA472298A0A200E30BF1 /* HomeViewController.swift in Sources */ = {isa = PBXBuildFile; fileRef = BA1AEA462298A0A200E30BF1 /* HomeViewController.swift */; };
		BA9C705C229DBCF400B0AA3C /* PersistenceManager.swift in Sources */ = {isa = PBXBuildFile; fileRef = BA9C705B229DBCF400B0AA3C /* PersistenceManager.swift */; };
		BA9C705F229DBDE400B0AA3C /* Database.xcdatamodeld in Sources */ = {isa = PBXBuildFile; fileRef = BA9C705D229DBDE400B0AA3C /* Database.xcdatamodeld */; };
		BA9C7063229DBEDE00B0AA3C /* Order+CoreDataClass.swift in Sources */ = {isa = PBXBuildFile; fileRef = BA9C7061229DBEDE00B0AA3C /* Order+CoreDataClass.swift */; };
		BA9C7064229DBEDE00B0AA3C /* Order+CoreDataProperties.swift in Sources */ = {isa = PBXBuildFile; fileRef = BA9C7062229DBEDE00B0AA3C /* Order+CoreDataProperties.swift */; };
		BED70F56229B10B1000F347A /* HomeViewInteractor.swift in Sources */ = {isa = PBXBuildFile; fileRef = BED70F55229B10B1000F347A /* HomeViewInteractor.swift */; };
		BED70F59229B5CE0000F347A /* LastBearsRouter.swift in Sources */ = {isa = PBXBuildFile; fileRef = BED70F58229B5CE0000F347A /* LastBearsRouter.swift */; };
/* End PBXBuildFile section */

/* Begin PBXFileReference section */
		BA0CC40D229C602000767DDD /* NewBaseViewController.swift */ = {isa = PBXFileReference; lastKnownFileType = sourcecode.swift; path = NewBaseViewController.swift; sourceTree = "<group>"; };
		BA0CC40F229C639900767DDD /* HomeView.swift */ = {isa = PBXFileReference; fileEncoding = 4; lastKnownFileType = sourcecode.swift; path = HomeView.swift; sourceTree = "<group>"; };
		BA1AEA272297164C00E30BF1 /* BeerCounter.app */ = {isa = PBXFileReference; explicitFileType = wrapper.application; includeInIndex = 0; path = BeerCounter.app; sourceTree = BUILT_PRODUCTS_DIR; };
		BA1AEA2A2297164C00E30BF1 /* AppDelegate.swift */ = {isa = PBXFileReference; lastKnownFileType = sourcecode.swift; path = AppDelegate.swift; sourceTree = "<group>"; };
		BA1AEA2F2297164C00E30BF1 /* Base */ = {isa = PBXFileReference; lastKnownFileType = file.storyboard; name = Base; path = Base.lproj/Main.storyboard; sourceTree = "<group>"; };
		BA1AEA312297164E00E30BF1 /* Assets.xcassets */ = {isa = PBXFileReference; lastKnownFileType = folder.assetcatalog; path = Assets.xcassets; sourceTree = "<group>"; };
		BA1AEA342297164E00E30BF1 /* Base */ = {isa = PBXFileReference; lastKnownFileType = file.storyboard; name = Base; path = Base.lproj/LaunchScreen.storyboard; sourceTree = "<group>"; };
		BA1AEA362297164E00E30BF1 /* Info.plist */ = {isa = PBXFileReference; lastKnownFileType = text.plist.xml; path = Info.plist; sourceTree = "<group>"; };
		BA1AEA3C22972DFB00E30BF1 /* HomeView.xib */ = {isa = PBXFileReference; lastKnownFileType = file.xib; path = HomeView.xib; sourceTree = "<group>"; };
		BA1AEA3E2298651C00E30BF1 /* LastBears.xib */ = {isa = PBXFileReference; lastKnownFileType = file.xib; path = LastBears.xib; sourceTree = "<group>"; };
		BA1AEA4022986D8B00E30BF1 /* LastBearsViewController.swift */ = {isa = PBXFileReference; lastKnownFileType = sourcecode.swift; path = LastBearsViewController.swift; sourceTree = "<group>"; };
		BA1AEA4222989C4100E30BF1 /* HomeViewRouter.swift */ = {isa = PBXFileReference; lastKnownFileType = sourcecode.swift; path = HomeViewRouter.swift; sourceTree = "<group>"; };
		BA1AEA462298A0A200E30BF1 /* HomeViewController.swift */ = {isa = PBXFileReference; lastKnownFileType = sourcecode.swift; path = HomeViewController.swift; sourceTree = "<group>"; };
		BA9C705B229DBCF400B0AA3C /* PersistenceManager.swift */ = {isa = PBXFileReference; lastKnownFileType = sourcecode.swift; path = PersistenceManager.swift; sourceTree = "<group>"; };
		BA9C705E229DBDE400B0AA3C /* Database.xcdatamodel */ = {isa = PBXFileReference; lastKnownFileType = wrapper.xcdatamodel; path = Database.xcdatamodel; sourceTree = "<group>"; };
		BA9C7061229DBEDE00B0AA3C /* Order+CoreDataClass.swift */ = {isa = PBXFileReference; lastKnownFileType = sourcecode.swift; path = "Order+CoreDataClass.swift"; sourceTree = "<group>"; };
		BA9C7062229DBEDE00B0AA3C /* Order+CoreDataProperties.swift */ = {isa = PBXFileReference; lastKnownFileType = sourcecode.swift; path = "Order+CoreDataProperties.swift"; sourceTree = "<group>"; };
		BED70F55229B10B1000F347A /* HomeViewInteractor.swift */ = {isa = PBXFileReference; lastKnownFileType = sourcecode.swift; path = HomeViewInteractor.swift; sourceTree = "<group>"; };
		BED70F58229B5CE0000F347A /* LastBearsRouter.swift */ = {isa = PBXFileReference; lastKnownFileType = sourcecode.swift; path = LastBearsRouter.swift; sourceTree = "<group>"; };
/* End PBXFileReference section */

/* Begin PBXFrameworksBuildPhase section */
		BA1AEA242297164C00E30BF1 /* Frameworks */ = {
			isa = PBXFrameworksBuildPhase;
			buildActionMask = 2147483647;
			files = (
			);
			runOnlyForDeploymentPostprocessing = 0;
		};
/* End PBXFrameworksBuildPhase section */

/* Begin PBXGroup section */
		BA0CC40C229C5FFF00767DDD /* Common */ = {
			isa = PBXGroup;
			children = (
				BA0CC40D229C602000767DDD /* NewBaseViewController.swift */,
			);
			path = Common;
			sourceTree = "<group>";
		};
		BA1AEA1E2297164C00E30BF1 = {
			isa = PBXGroup;
			children = (
				BA1AEA292297164C00E30BF1 /* BeerCounter */,
				BA1AEA282297164C00E30BF1 /* Products */,
			);
			sourceTree = "<group>";
		};
		BA1AEA282297164C00E30BF1 /* Products */ = {
			isa = PBXGroup;
			children = (
				BA1AEA272297164C00E30BF1 /* BeerCounter.app */,
			);
			name = Products;
			sourceTree = "<group>";
		};
		BA1AEA292297164C00E30BF1 /* BeerCounter */ = {
			isa = PBXGroup;
			children = (
				BA9C705A229DBC7800B0AA3C /* Database */,
				BA0CC40C229C5FFF00767DDD /* Common */,
				BA1AEA442298A07C00E30BF1 /* Module */,
				BA1AEA2A2297164C00E30BF1 /* AppDelegate.swift */,
				BA1AEA2E2297164C00E30BF1 /* Main.storyboard */,
				BA1AEA312297164E00E30BF1 /* Assets.xcassets */,
				BA1AEA332297164E00E30BF1 /* LaunchScreen.storyboard */,
				BA1AEA362297164E00E30BF1 /* Info.plist */,
				BA1AEA3E2298651C00E30BF1 /* LastBears.xib */,
				BA1AEA4022986D8B00E30BF1 /* LastBearsViewController.swift */,
			);
			path = BeerCounter;
			sourceTree = "<group>";
		};
		BA1AEA442298A07C00E30BF1 /* Module */ = {
			isa = PBXGroup;
			children = (
				BED70F57229B5CC9000F347A /* LastBears */,
				BA1AEA452298A08A00E30BF1 /* Home */,
			);
			path = Module;
			sourceTree = "<group>";
		};
		BA1AEA452298A08A00E30BF1 /* Home */ = {
			isa = PBXGroup;
			children = (
				BA1AEA3C22972DFB00E30BF1 /* HomeView.xib */,
				BA0CC40F229C639900767DDD /* HomeView.swift */,
				BA1AEA4222989C4100E30BF1 /* HomeViewRouter.swift */,
				BA1AEA462298A0A200E30BF1 /* HomeViewController.swift */,
				BED70F55229B10B1000F347A /* HomeViewInteractor.swift */,
			);
			path = Home;
			sourceTree = "<group>";
		};
		BA9C705A229DBC7800B0AA3C /* Database */ = {
			isa = PBXGroup;
			children = (
				BA9C7060229DBDF400B0AA3C /* Entities */,
				BA9C705B229DBCF400B0AA3C /* PersistenceManager.swift */,
				BA9C705D229DBDE400B0AA3C /* Database.xcdatamodeld */,
			);
			path = Database;
			sourceTree = "<group>";
		};
		BA9C7060229DBDF400B0AA3C /* Entities */ = {
			isa = PBXGroup;
			children = (
				BA9C7061229DBEDE00B0AA3C /* Order+CoreDataClass.swift */,
				BA9C7062229DBEDE00B0AA3C /* Order+CoreDataProperties.swift */,
			);
			path = Entities;
			sourceTree = "<group>";
		};
		BED70F57229B5CC9000F347A /* LastBears */ = {
			isa = PBXGroup;
			children = (
				BED70F58229B5CE0000F347A /* LastBearsRouter.swift */,
			);
			path = LastBears;
			sourceTree = "<group>";
		};
/* End PBXGroup section */

/* Begin PBXNativeTarget section */
		BA1AEA262297164C00E30BF1 /* BeerCounter */ = {
			isa = PBXNativeTarget;
			buildConfigurationList = BA1AEA392297164E00E30BF1 /* Build configuration list for PBXNativeTarget "BeerCounter" */;
			buildPhases = (
				BA1AEA232297164C00E30BF1 /* Sources */,
				BA1AEA242297164C00E30BF1 /* Frameworks */,
				BA1AEA252297164C00E30BF1 /* Resources */,
			);
			buildRules = (
			);
			dependencies = (
			);
			name = BeerCounter;
			productName = BeerCounter;
			productReference = BA1AEA272297164C00E30BF1 /* BeerCounter.app */;
			productType = "com.apple.product-type.application";
		};
/* End PBXNativeTarget section */

/* Begin PBXProject section */
		BA1AEA1F2297164C00E30BF1 /* Project object */ = {
			isa = PBXProject;
			attributes = {
				LastSwiftUpdateCheck = 1020;
				LastUpgradeCheck = 1020;
				ORGANIZATIONNAME = Fernando;
				TargetAttributes = {
					BA1AEA262297164C00E30BF1 = {
						CreatedOnToolsVersion = 10.2.1;
					};
				};
			};
			buildConfigurationList = BA1AEA222297164C00E30BF1 /* Build configuration list for PBXProject "BeerCounter" */;
			compatibilityVersion = "Xcode 9.3";
			developmentRegion = en;
			hasScannedForEncodings = 0;
			knownRegions = (
				en,
				Base,
			);
			mainGroup = BA1AEA1E2297164C00E30BF1;
			productRefGroup = BA1AEA282297164C00E30BF1 /* Products */;
			projectDirPath = "";
			projectRoot = "";
			targets = (
				BA1AEA262297164C00E30BF1 /* BeerCounter */,
			);
		};
/* End PBXProject section */

/* Begin PBXResourcesBuildPhase section */
		BA1AEA252297164C00E30BF1 /* Resources */ = {
			isa = PBXResourcesBuildPhase;
			buildActionMask = 2147483647;
			files = (
				BA1AEA352297164E00E30BF1 /* LaunchScreen.storyboard in Resources */,
				BA1AEA3D22972DFB00E30BF1 /* HomeView.xib in Resources */,
				BA1AEA3F2298651C00E30BF1 /* LastBears.xib in Resources */,
				BA1AEA322297164E00E30BF1 /* Assets.xcassets in Resources */,
				BA1AEA302297164C00E30BF1 /* Main.storyboard in Resources */,
			);
			runOnlyForDeploymentPostprocessing = 0;
		};
/* End PBXResourcesBuildPhase section */

/* Begin PBXSourcesBuildPhase section */
		BA1AEA232297164C00E30BF1 /* Sources */ = {
			isa = PBXSourcesBuildPhase;
			buildActionMask = 2147483647;
			files = (
				BA9C7064229DBEDE00B0AA3C /* Order+CoreDataProperties.swift in Sources */,
				BA0CC410229C639900767DDD /* HomeView.swift in Sources */,
				BA1AEA472298A0A200E30BF1 /* HomeViewController.swift in Sources */,
				BA1AEA4322989C4100E30BF1 /* HomeViewRouter.swift in Sources */,
				BED70F59229B5CE0000F347A /* LastBearsRouter.swift in Sources */,
				BA1AEA4122986D8B00E30BF1 /* LastBearsViewController.swift in Sources */,
				BA9C7063229DBEDE00B0AA3C /* Order+CoreDataClass.swift in Sources */,
				BED70F56229B10B1000F347A /* HomeViewInteractor.swift in Sources */,
				BA9C705F229DBDE400B0AA3C /* Database.xcdatamodeld in Sources */,
				BA9C705C229DBCF400B0AA3C /* PersistenceManager.swift in Sources */,
				BA0CC40E229C602000767DDD /* NewBaseViewController.swift in Sources */,
				BA1AEA2B2297164C00E30BF1 /* AppDelegate.swift in Sources */,
			);
			runOnlyForDeploymentPostprocessing = 0;
		};
/* End PBXSourcesBuildPhase section */

/* Begin PBXVariantGroup section */
		BA1AEA2E2297164C00E30BF1 /* Main.storyboard */ = {
			isa = PBXVariantGroup;
			children = (
				BA1AEA2F2297164C00E30BF1 /* Base */,
			);
			name = Main.storyboard;
			sourceTree = "<group>";
		};
		BA1AEA332297164E00E30BF1 /* LaunchScreen.storyboard */ = {
			isa = PBXVariantGroup;
			children = (
				BA1AEA342297164E00E30BF1 /* Base */,
			);
			name = LaunchScreen.storyboard;
			sourceTree = "<group>";
		};
/* End PBXVariantGroup section */

/* Begin XCBuildConfiguration section */
		BA1AEA372297164E00E30BF1 /* Debug */ = {
			isa = XCBuildConfiguration;
			buildSettings = {
				ALWAYS_SEARCH_USER_PATHS = NO;
				CLANG_ANALYZER_NONNULL = YES;
				CLANG_ANALYZER_NUMBER_OBJECT_CONVERSION = YES_AGGRESSIVE;
				CLANG_CXX_LANGUAGE_STANDARD = "gnu++14";
				CLANG_CXX_LIBRARY = "libc++";
				CLANG_ENABLE_MODULES = YES;
				CLANG_ENABLE_OBJC_ARC = YES;
				CLANG_ENABLE_OBJC_WEAK = YES;
				CLANG_WARN_BLOCK_CAPTURE_AUTORELEASING = YES;
				CLANG_WARN_BOOL_CONVERSION = YES;
				CLANG_WARN_COMMA = YES;
				CLANG_WARN_CONSTANT_CONVERSION = YES;
				CLANG_WARN_DEPRECATED_OBJC_IMPLEMENTATIONS = YES;
				CLANG_WARN_DIRECT_OBJC_ISA_USAGE = YES_ERROR;
				CLANG_WARN_DOCUMENTATION_COMMENTS = YES;
				CLANG_WARN_EMPTY_BODY = YES;
				CLANG_WARN_ENUM_CONVERSION = YES;
				CLANG_WARN_INFINITE_RECURSION = YES;
				CLANG_WARN_INT_CONVERSION = YES;
				CLANG_WARN_NON_LITERAL_NULL_CONVERSION = YES;
				CLANG_WARN_OBJC_IMPLICIT_RETAIN_SELF = YES;
				CLANG_WARN_OBJC_LITERAL_CONVERSION = YES;
				CLANG_WARN_OBJC_ROOT_CLASS = YES_ERROR;
				CLANG_WARN_RANGE_LOOP_ANALYSIS = YES;
				CLANG_WARN_STRICT_PROTOTYPES = YES;
				CLANG_WARN_SUSPICIOUS_MOVE = YES;
				CLANG_WARN_UNGUARDED_AVAILABILITY = YES_AGGRESSIVE;
				CLANG_WARN_UNREACHABLE_CODE = YES;
				CLANG_WARN__DUPLICATE_METHOD_MATCH = YES;
				CODE_SIGN_IDENTITY = "iPhone Developer";
				COPY_PHASE_STRIP = NO;
				DEBUG_INFORMATION_FORMAT = dwarf;
				ENABLE_STRICT_OBJC_MSGSEND = YES;
				ENABLE_TESTABILITY = YES;
				GCC_C_LANGUAGE_STANDARD = gnu11;
				GCC_DYNAMIC_NO_PIC = NO;
				GCC_NO_COMMON_BLOCKS = YES;
				GCC_OPTIMIZATION_LEVEL = 0;
				GCC_PREPROCESSOR_DEFINITIONS = (
					"DEBUG=1",
					"$(inherited)",
				);
				GCC_WARN_64_TO_32_BIT_CONVERSION = YES;
				GCC_WARN_ABOUT_RETURN_TYPE = YES_ERROR;
				GCC_WARN_UNDECLARED_SELECTOR = YES;
				GCC_WARN_UNINITIALIZED_AUTOS = YES_AGGRESSIVE;
				GCC_WARN_UNUSED_FUNCTION = YES;
				GCC_WARN_UNUSED_VARIABLE = YES;
				IPHONEOS_DEPLOYMENT_TARGET = 12.2;
				MTL_ENABLE_DEBUG_INFO = INCLUDE_SOURCE;
				MTL_FAST_MATH = YES;
				ONLY_ACTIVE_ARCH = YES;
				SDKROOT = iphoneos;
				SWIFT_ACTIVE_COMPILATION_CONDITIONS = DEBUG;
				SWIFT_OPTIMIZATION_LEVEL = "-Onone";
			};
			name = Debug;
		};
		BA1AEA382297164E00E30BF1 /* Release */ = {
			isa = XCBuildConfiguration;
			buildSettings = {
				ALWAYS_SEARCH_USER_PATHS = NO;
				CLANG_ANALYZER_NONNULL = YES;
				CLANG_ANALYZER_NUMBER_OBJECT_CONVERSION = YES_AGGRESSIVE;
				CLANG_CXX_LANGUAGE_STANDARD = "gnu++14";
				CLANG_CXX_LIBRARY = "libc++";
				CLANG_ENABLE_MODULES = YES;
				CLANG_ENABLE_OBJC_ARC = YES;
				CLANG_ENABLE_OBJC_WEAK = YES;
				CLANG_WARN_BLOCK_CAPTURE_AUTORELEASING = YES;
				CLANG_WARN_BOOL_CONVERSION = YES;
				CLANG_WARN_COMMA = YES;
				CLANG_WARN_CONSTANT_CONVERSION = YES;
				CLANG_WARN_DEPRECATED_OBJC_IMPLEMENTATIONS = YES;
				CLANG_WARN_DIRECT_OBJC_ISA_USAGE = YES_ERROR;
				CLANG_WARN_DOCUMENTATION_COMMENTS = YES;
				CLANG_WARN_EMPTY_BODY = YES;
				CLANG_WARN_ENUM_CONVERSION = YES;
				CLANG_WARN_INFINITE_RECURSION = YES;
				CLANG_WARN_INT_CONVERSION = YES;
				CLANG_WARN_NON_LITERAL_NULL_CONVERSION = YES;
				CLANG_WARN_OBJC_IMPLICIT_RETAIN_SELF = YES;
				CLANG_WARN_OBJC_LITERAL_CONVERSION = YES;
				CLANG_WARN_OBJC_ROOT_CLASS = YES_ERROR;
				CLANG_WARN_RANGE_LOOP_ANALYSIS = YES;
				CLANG_WARN_STRICT_PROTOTYPES = YES;
				CLANG_WARN_SUSPICIOUS_MOVE = YES;
				CLANG_WARN_UNGUARDED_AVAILABILITY = YES_AGGRESSIVE;
				CLANG_WARN_UNREACHABLE_CODE = YES;
				CLANG_WARN__DUPLICATE_METHOD_MATCH = YES;
				CODE_SIGN_IDENTITY = "iPhone Developer";
				COPY_PHASE_STRIP = NO;
				DEBUG_INFORMATION_FORMAT = "dwarf-with-dsym";
				ENABLE_NS_ASSERTIONS = NO;
				ENABLE_STRICT_OBJC_MSGSEND = YES;
				GCC_C_LANGUAGE_STANDARD = gnu11;
				GCC_NO_COMMON_BLOCKS = YES;
				GCC_WARN_64_TO_32_BIT_CONVERSION = YES;
				GCC_WARN_ABOUT_RETURN_TYPE = YES_ERROR;
				GCC_WARN_UNDECLARED_SELECTOR = YES;
				GCC_WARN_UNINITIALIZED_AUTOS = YES_AGGRESSIVE;
				GCC_WARN_UNUSED_FUNCTION = YES;
				GCC_WARN_UNUSED_VARIABLE = YES;
				IPHONEOS_DEPLOYMENT_TARGET = 12.2;
				MTL_ENABLE_DEBUG_INFO = NO;
				MTL_FAST_MATH = YES;
				SDKROOT = iphoneos;
				SWIFT_COMPILATION_MODE = wholemodule;
				SWIFT_OPTIMIZATION_LEVEL = "-O";
				VALIDATE_PRODUCT = YES;
			};
			name = Release;
		};
		BA1AEA3A2297164E00E30BF1 /* Debug */ = {
			isa = XCBuildConfiguration;
			buildSettings = {
				ASSETCATALOG_COMPILER_APPICON_NAME = AppIcon;
				CODE_SIGN_STYLE = Automatic;
				DEVELOPMENT_TEAM = JQ52M4QL3U;
				INFOPLIST_FILE = BeerCounter/Info.plist;
				LD_RUNPATH_SEARCH_PATHS = (
					"$(inherited)",
					"@executable_path/Frameworks",
				);
				PRODUCT_BUNDLE_IDENTIFIER = lfernandosantos.BeerCounter;
				PRODUCT_NAME = "$(TARGET_NAME)";
				SWIFT_VERSION = 5.0;
				TARGETED_DEVICE_FAMILY = "1,2";
			};
			name = Debug;
		};
		BA1AEA3B2297164E00E30BF1 /* Release */ = {
			isa = XCBuildConfiguration;
			buildSettings = {
				ASSETCATALOG_COMPILER_APPICON_NAME = AppIcon;
				CODE_SIGN_STYLE = Automatic;
				DEVELOPMENT_TEAM = JQ52M4QL3U;
				INFOPLIST_FILE = BeerCounter/Info.plist;
				LD_RUNPATH_SEARCH_PATHS = (
					"$(inherited)",
					"@executable_path/Frameworks",
				);
				PRODUCT_BUNDLE_IDENTIFIER = lfernandosantos.BeerCounter;
				PRODUCT_NAME = "$(TARGET_NAME)";
				SWIFT_VERSION = 5.0;
				TARGETED_DEVICE_FAMILY = "1,2";
			};
			name = Release;
		};
/* End XCBuildConfiguration section */

/* Begin XCConfigurationList section */
		BA1AEA222297164C00E30BF1 /* Build configuration list for PBXProject "BeerCounter" */ = {
			isa = XCConfigurationList;
			buildConfigurations = (
				BA1AEA372297164E00E30BF1 /* Debug */,
				BA1AEA382297164E00E30BF1 /* Release */,
			);
			defaultConfigurationIsVisible = 0;
			defaultConfigurationName = Release;
		};
		BA1AEA392297164E00E30BF1 /* Build configuration list for PBXNativeTarget "BeerCounter" */ = {
			isa = XCConfigurationList;
			buildConfigurations = (
				BA1AEA3A2297164E00E30BF1 /* Debug */,
				BA1AEA3B2297164E00E30BF1 /* Release */,
			);
			defaultConfigurationIsVisible = 0;
			defaultConfigurationName = Release;
		};
/* End XCConfigurationList section */

/* Begin XCVersionGroup section */
		BA9C705D229DBDE400B0AA3C /* Database.xcdatamodeld */ = {
			isa = XCVersionGroup;
			children = (
				BA9C705E229DBDE400B0AA3C /* Database.xcdatamodel */,
			);
			currentVersion = BA9C705E229DBDE400B0AA3C /* Database.xcdatamodel */;
			path = Database.xcdatamodeld;
			sourceTree = "<group>";
			versionGroupType = wrapper.xcdatamodel;
		};
/* End XCVersionGroup section */
	};
	rootObject = BA1AEA1F2297164C00E30BF1 /* Project object */;
}
